<?xml version="1.0" encoding="UTF-8" standalone="yes" ?>
<CodeBlocks_project_file>
	<FileVersion major="1" minor="6" />
	<Project>
		<Option title="ImposPong" />
		<Option pch_mode="2" />
		<Option compiler="gcc" />
		<Build>
			<Target title="LinRelease">
				<Option output="bin/LinRelease/ImposPong" prefix_auto="1" extension_auto="1" />
				<Option working_dir="bin/LinRelease/" />
				<Option object_output="obj/LinRelease/" />
				<Option type="1" />
				<Option compiler="gcc" />
				<Compiler>
					<Add option="-O2" />
				</Compiler>
				<Linker>
					<Add option="-s" />
					<Add option="-static-libgcc" />
					<Add option="-static-libstdc++" />
				</Linker>
			</Target>
			<Target title="WinRelease">
				<Option output="bin/WinRelease/ImposPong.exe" prefix_auto="0" extension_auto="0" />
				<Option working_dir="bin/WinRelease" />
				<Option object_output="obj/WinRelease" />
				<Option type="1" />
				<Option compiler="win_mingw32" />
				<Option use_console_runner="0" />
				<Option projectLinkerOptionsRelation="2" />
				<Linker>
					<Add option="-mwindows" />
					<Add option="-static-libgcc" />
					<Add option="-static-libstdc++" />
					<Add library="mingw32" />
				</Linker>
			</Target>
		</Build>
		<Compiler>
			<Add option="-Wall" />
		</Compiler>
		<Linker>
			<Add library="SDL2" />
			<Add library="SDL2_ttf" />
			<Add library="SDL2_image" />
			<Add library="zzip" />
			<Add library="z" />
			<Add library="SDL2_mixer" />
		</Linker>
		<Unit filename="animate.cpp" />
		<Unit filename="animate.h" />
		<Unit filename="ball.cpp" />
		<Unit filename="ball.h" />
		<Unit filename="game.cpp" />
		<Unit filename="game.h" />
		<Unit filename="main.cpp" />
		<Unit filename="paddle.cpp" />
		<Unit filename="paddle.h" />
		<Unit filename="pickup.cpp" />
		<Unit filename="pickup.h" />
		<Unit filename="pu_barball.cpp" />
		<Unit filename="pu_barball.h" />
		<Unit filename="pu_bigball.cpp" />
		<Unit filename="pu_bigball.h" />
		<Unit filename="pu_drunkball.cpp" />
		<Unit filename="pu_drunkball.h" />
		<Unit filename="pu_smallball.cpp" />
		<Unit filename="pu_smallball.h" />
		<Unit filename="respak.cpp" />
		<Unit filename="respak.h" />
		<Unit filename="textblock.cpp" />
		<Unit filename="textblock.h" />
		<Unit filename="ui.cpp" />
		<Unit filename="ui.h" />
		<Extensions>
			<code_completion />
			<debugger />
		</Extensions>
	</Project>
</CodeBlocks_project_file>
